<?xml version="1.0" encoding="utf-8"?>
<Project ToolsVersion="4.0" xmlns="http://schemas.microsoft.com/developer/msbuild/2003">
  <ItemGroup>
    <Filter Include="Source Files">
      <UniqueIdentifier>{4FC737F1-C7A5-4376-A066-2A32D752A2FF}</UniqueIdentifier>
      <Extensions>cpp;c;cc;cxx;def;odl;idl;hpj;bat;asm;asmx</Extensions>
    </Filter>
    <Filter Include="Header Files">
      <UniqueIdentifier>{93995380-89BD-4b04-88EB-625FBE52EBFB}</UniqueIdentifier>
      <Extensions>h;hh;hpp;hxx;hm;inl;inc;ipp;xsd</Extensions>
    </Filter>
    <Filter Include="Resource Files">
      <UniqueIdentifier>{67DA6AB6-F800-4c08-8B7A-83BB121AAD01}</UniqueIdentifier>
      <Extensions>rc;ico;cur;bmp;dlg;rc2;rct;bin;rgs;gif;jpg;jpeg;jpe;resx;tiff;tif;png;wav;mfcribbon-ms</Extensions>
    </Filter>
  </ItemGroup>
  <ItemGroup>
    <ClCompile Include="Game.cpp">
      <Filter>Source Files</Filter>
    </ClCompile>
    <ClCompile Include="RobotSystem.cpp">
      <Filter>Source Files</Filter>
    </ClCompile>
    <ClCompile Include="Controller.cpp">
      <Filter>Source Files</Filter>
    </ClCompile>
    <ClCompile Include="GameWorld.cpp">
      <Filter>Source Files</Filter>
    </ClCompile>
    <ClCompile Include="GameWorldObject.cpp">
      <Filter>Source Files</Filter>
    </ClCompile>
    <ClCompile Include="TextDrawer.cpp">
      <Filter>Source Files</Filter>
    </ClCompile>
    <ClCompile Include="Main.cpp">
      <Filter>Source Files</Filter>
    </ClCompile>
    <ClCompile Include="HelperFunctions.cpp">
      <Filter>Source Files</Filter>
    </ClCompile>
    <ClCompile Include="PlayerStaus.cpp">
      <Filter>Source Files</Filter>
    </ClCompile>
    <ClCompile Include="DayController.cpp">
      <Filter>Source Files</Filter>
    </ClCompile>
    <ClCompile Include="DropController.cpp">
      <Filter>Source Files</Filter>
    </ClCompile>
    <ClCompile Include="TestMiniGame.cpp">
      <Filter>Source Files</Filter>
    </ClCompile>
    <ClCompile Include="MantienceController.cpp">
      <Filter>Source Files</Filter>
    </ClCompile>
  </ItemGroup>
  <ItemGroup>
    <ClInclude Include="RobotSystem.h">
      <Filter>Header Files</Filter>
    </ClInclude>
    <ClInclude Include="GameWorld.h">
      <Filter>Header Files</Filter>
    </ClInclude>
    <ClInclude Include="GameWorldObject.h">
      <Filter>Header Files</Filter>
    </ClInclude>
    <ClInclude Include="MiniGame.h">
      <Filter>Header Files</Filter>
    </ClInclude>
    <ClInclude Include="Drawer.h">
      <Filter>Header Files</Filter>
    </ClInclude>
    <ClInclude Include="TextDrawer.h">
      <Filter>Header Files</Filter>
    </ClInclude>
    <ClInclude Include="Game.h">
      <Filter>Header Files</Filter>
    </ClInclude>
    <ClInclude Include="HelperFunctions.h">
      <Filter>Header Files</Filter>
    </ClInclude>
    <ClInclude Include="PlayerStatus.h">
      <Filter>Header Files</Filter>
    </ClInclude>
    <ClInclude Include="DayController.h">
      <Filter>Header Files</Filter>
    </ClInclude>
    <ClInclude Include="DropController.h">
      <Filter>Header Files</Filter>
    </ClInclude>
    <ClInclude Include="TestMiniGame.h">
      <Filter>Header Files</Filter>
    </ClInclude>
    <ClInclude Include="MantienceController.h">
      <Filter>Header Files</Filter>
    </ClInclude>
  </ItemGroup>
</Project>